
Microsoft Visual Studio Solution File, Format Version 12.00
# Visual Studio Version 17
VisualStudioVersion = 17.4.33205.214
MinimumVisualStudioVersion = 10.0.40219.1
Project("{9A19103F-16F7-4668-BE54-9A1E7A4F7556}") = "Starfish.Model.Data", "src\data\Starfish.Model.Data.csproj", "{A2EBEA33-EF9E-4227-AD3B-6E035998E695}"
EndProject
Project("{9A19103F-16F7-4668-BE54-9A1E7A4F7556}") = "Starfish.Model.Data.Tests", "test\data\Starfish.Model.Data.Tests.csproj", "{B1BA4285-5335-4EC8-914B-51800F69C24A}"
EndProject
Project("{2150E333-8FDC-42A3-9474-1A3956D46DE8}") = "Solution Items", "Solution Items", "{C0709FE1-2D84-4612-9B4F-55C72048B96A}"
	ProjectSection(SolutionItems) = preProject
		LICENSE = LICENSE
		README.md = README.md
	EndProjectSection
EndProject
Global
	GlobalSection(SolutionConfigurationPlatforms) = preSolution
		Debug|Any CPU = Debug|Any CPU
		Release|Any CPU = Release|Any CPU
	EndGlobalSection
	GlobalSection(ProjectConfigurationPlatforms) = postSolution
		{A2EBEA33-EF9E-4227-AD3B-6E035998E695}.Debug|Any CPU.ActiveCfg = Debug|Any CPU
		{A2EBEA33-EF9E-4227-AD3B-6E035998E695}.Debug|Any CPU.Build.0 = Debug|Any CPU
		{A2EBEA33-EF9E-4227-AD3B-6E035998E695}.Release|Any CPU.ActiveCfg = Release|Any CPU
		{A2EBEA33-EF9E-4227-AD3B-6E035998E695}.Release|Any CPU.Build.0 = Release|Any CPU
		{B1BA4285-5335-4EC8-914B-51800F69C24A}.Debug|Any CPU.ActiveCfg = Debug|Any CPU
		{B1BA4285-5335-4EC8-914B-51800F69C24A}.Debug|Any CPU.Build.0 = Debug|Any CPU
		{B1BA4285-5335-4EC8-914B-51800F69C24A}.Release|Any CPU.ActiveCfg = Release|Any CPU
		{B1BA4285-5335-4EC8-914B-51800F69C24A}.Release|Any CPU.Build.0 = Release|Any CPU
	EndGlobalSection
	GlobalSection(SolutionProperties) = preSolution
		HideSolutionNode = FALSE
	EndGlobalSection
	GlobalSection(ExtensibilityGlobals) = postSolution
		SolutionGuid = {267B1866-AF71-4483-AD6D-CE5553332173}
	EndGlobalSection
EndGlobal
